{"format_version":"0.1","terraform_version":"0.12.28","variables":{"kubernetes_version":{"value":"1.16.10"},"location":{"value":"eastus"},"serviceprinciple_id":{"value":"bcdf3f24-d1dd-4623-ba94-f229a2ce174f"},"serviceprinciple_key":{"value":"7h4v+7rypb`~F+'W\u00261?J`)e)zlM@2qYI"},"ssh_key":{"value":"ssh-rsa AAAAB3NzaC1yc2EAAAADAQABAAACAQCZnbXiMy/b7O2dLIjmSwz3rCTfW7/j/4flrEu+L7Ph8L54jHywjd+MmybbFvlfiy9i2HIT5wl9WsoPcX68H909lG9bc/TR7O8XD50bLk1PBc8KLlUjCKrRZ+VJMK+rNnxDTwCUWvW5/eB4BOFMuaf0GlRr2T2Qnu63MZMGnVk3DkYevfqzfT0nj9e37wPi0ghE5DvGCXzcGkitbqEet27UinNUt9eG5hHGksvDBz7AiYn0PiWqixbzoyWqpBaxJS+hO6POwwFB96sLSYcc4XGLjLGSaO9zQ3VNidkHnX8phkkh2T0rPHHflEf8YeS1BNTfu95SuA0ejf+YrFjNh9O8rCEgoKNhoIrAOVTYShkPlfZr+vQ0lR53Y1X53kc4PeM8Fg/2xyk9Kd/LcrIa7XzNIU7oG7PXKmLfKVgel3Vb6iyLImErko9TAaAz48RFKCTXMUF8ujMxxE2EZN/eALQgd7CZs33bIBYhFlJzRsnU+9KMOUQC8AbWMilycrGJyid2vetRQua3u0R/2RXVKlX997AKbldjRXjBEs2dDGxFsH1iHUOaifFv2//tLpL+I71MxVIc/UOEWzlrVWLF24TTO3zgjy35BmGSASClm4GWx0HG18RYTLheLroQVDjSt8nSfh5FeEaC82Jp3POp+pD4sYhj72n1xIIvYAvnOuooUw== your_email@example.com"},"subscription_id":{"value":"a2d438b7-ef19-4b85-87d0-dc41e12d80d2"},"tenant_id":{"value":"dbd6664d-4eb9-46eb-99d8-5c43ba153c61"}},"planned_values":{"root_module":{"child_modules":[{"resources":[{"address":"module.cluster.azurerm_kubernetes_cluster.karpully","mode":"managed","type":"azurerm_kubernetes_cluster","name":"karpully","provider_name":"azurerm","schema_version":0,"values":{"addon_profile":[{"aci_connector_linux":[{"enabled":false,"subnet_name":null}],"azure_policy":[{"enabled":false}],"http_application_routing":[{"enabled":false}],"kube_dashboard":[{"enabled":false}],"oms_agent":[{"enabled":false,"log_analytics_workspace_id":null}]}],"api_server_authorized_ip_ranges":null,"default_node_pool":[{"availability_zones":null,"enable_auto_scaling":null,"enable_node_public_ip":null,"max_count":null,"min_count":null,"name":"default","node_count":1,"node_labels":null,"node_taints":null,"os_disk_size_gb":250,"tags":null,"type":"VirtualMachineScaleSets","vm_size":"Standard_E4s_v3","vnet_subnet_id":null}],"dns_prefix":"karpully","enable_pod_security_policy":null,"identity":[],"kubernetes_version":"1.16.10","linux_profile":[{"admin_username":"karpullyadmin","ssh_key":[{"key_data":"ssh-rsa AAAAB3NzaC1yc2EAAAADAQABAAACAQCZnbXiMy/b7O2dLIjmSwz3rCTfW7/j/4flrEu+L7Ph8L54jHywjd+MmybbFvlfiy9i2HIT5wl9WsoPcX68H909lG9bc/TR7O8XD50bLk1PBc8KLlUjCKrRZ+VJMK+rNnxDTwCUWvW5/eB4BOFMuaf0GlRr2T2Qnu63MZMGnVk3DkYevfqzfT0nj9e37wPi0ghE5DvGCXzcGkitbqEet27UinNUt9eG5hHGksvDBz7AiYn0PiWqixbzoyWqpBaxJS+hO6POwwFB96sLSYcc4XGLjLGSaO9zQ3VNidkHnX8phkkh2T0rPHHflEf8YeS1BNTfu95SuA0ejf+YrFjNh9O8rCEgoKNhoIrAOVTYShkPlfZr+vQ0lR53Y1X53kc4PeM8Fg/2xyk9Kd/LcrIa7XzNIU7oG7PXKmLfKVgel3Vb6iyLImErko9TAaAz48RFKCTXMUF8ujMxxE2EZN/eALQgd7CZs33bIBYhFlJzRsnU+9KMOUQC8AbWMilycrGJyid2vetRQua3u0R/2RXVKlX997AKbldjRXjBEs2dDGxFsH1iHUOaifFv2//tLpL+I71MxVIc/UOEWzlrVWLF24TTO3zgjy35BmGSASClm4GWx0HG18RYTLheLroQVDjSt8nSfh5FeEaC82Jp3POp+pD4sYhj72n1xIIvYAvnOuooUw== your_email@example.com"}]}],"location":"eastus","name":"karpully","network_profile":[{"load_balancer_sku":"Standard","network_plugin":"kubenet","outbound_type":"loadBalancer"}],"private_link_enabled":null,"resource_group_name":"karpully","service_principal":[{"client_id":"bcdf3f24-d1dd-4623-ba94-f229a2ce174f","client_secret":"7h4v+7rypb`~F+'W\u00261?J`)e)zlM@2qYI"}],"tags":null,"timeouts":null}},{"address":"module.cluster.azurerm_resource_group.karpully","mode":"managed","type":"azurerm_resource_group","name":"karpully","provider_name":"azurerm","schema_version":0,"values":{"location":"eastus","name":"karpully","tags":null,"timeouts":null}}],"address":"module.cluster"}]}},"resource_changes":[{"address":"module.cluster.azurerm_kubernetes_cluster.karpully","module_address":"module.cluster","mode":"managed","type":"azurerm_kubernetes_cluster","name":"karpully","provider_name":"azurerm","change":{"actions":["create"],"before":null,"after":{"addon_profile":[{"aci_connector_linux":[{"enabled":false,"subnet_name":null}],"azure_policy":[{"enabled":false}],"http_application_routing":[{"enabled":false}],"kube_dashboard":[{"enabled":false}],"oms_agent":[{"enabled":false,"log_analytics_workspace_id":null}]}],"api_server_authorized_ip_ranges":null,"default_node_pool":[{"availability_zones":null,"enable_auto_scaling":null,"enable_node_public_ip":null,"max_count":null,"min_count":null,"name":"default","node_count":1,"node_labels":null,"node_taints":null,"os_disk_size_gb":250,"tags":null,"type":"VirtualMachineScaleSets","vm_size":"Standard_E4s_v3","vnet_subnet_id":null}],"dns_prefix":"karpully","enable_pod_security_policy":null,"identity":[],"kubernetes_version":"1.16.10","linux_profile":[{"admin_username":"karpullyadmin","ssh_key":[{"key_data":"ssh-rsa AAAAB3NzaC1yc2EAAAADAQABAAACAQCZnbXiMy/b7O2dLIjmSwz3rCTfW7/j/4flrEu+L7Ph8L54jHywjd+MmybbFvlfiy9i2HIT5wl9WsoPcX68H909lG9bc/TR7O8XD50bLk1PBc8KLlUjCKrRZ+VJMK+rNnxDTwCUWvW5/eB4BOFMuaf0GlRr2T2Qnu63MZMGnVk3DkYevfqzfT0nj9e37wPi0ghE5DvGCXzcGkitbqEet27UinNUt9eG5hHGksvDBz7AiYn0PiWqixbzoyWqpBaxJS+hO6POwwFB96sLSYcc4XGLjLGSaO9zQ3VNidkHnX8phkkh2T0rPHHflEf8YeS1BNTfu95SuA0ejf+YrFjNh9O8rCEgoKNhoIrAOVTYShkPlfZr+vQ0lR53Y1X53kc4PeM8Fg/2xyk9Kd/LcrIa7XzNIU7oG7PXKmLfKVgel3Vb6iyLImErko9TAaAz48RFKCTXMUF8ujMxxE2EZN/eALQgd7CZs33bIBYhFlJzRsnU+9KMOUQC8AbWMilycrGJyid2vetRQua3u0R/2RXVKlX997AKbldjRXjBEs2dDGxFsH1iHUOaifFv2//tLpL+I71MxVIc/UOEWzlrVWLF24TTO3zgjy35BmGSASClm4GWx0HG18RYTLheLroQVDjSt8nSfh5FeEaC82Jp3POp+pD4sYhj72n1xIIvYAvnOuooUw== your_email@example.com"}]}],"location":"eastus","name":"karpully","network_profile":[{"load_balancer_sku":"Standard","network_plugin":"kubenet","outbound_type":"loadBalancer"}],"private_link_enabled":null,"resource_group_name":"karpully","service_principal":[{"client_id":"bcdf3f24-d1dd-4623-ba94-f229a2ce174f","client_secret":"7h4v+7rypb`~F+'W\u00261?J`)e)zlM@2qYI"}],"tags":null,"timeouts":null},"after_unknown":{"addon_profile":[{"aci_connector_linux":[{}],"azure_policy":[{}],"http_application_routing":[{"http_application_routing_zone_name":true}],"kube_dashboard":[{}],"oms_agent":[{}]}],"default_node_pool":[{"max_pods":true}],"fqdn":true,"id":true,"identity":[],"kube_admin_config":true,"kube_admin_config_raw":true,"kube_config":true,"kube_config_raw":true,"linux_profile":[{"ssh_key":[{}]}],"network_profile":[{"dns_service_ip":true,"docker_bridge_cidr":true,"load_balancer_profile":true,"network_policy":true,"pod_cidr":true,"service_cidr":true}],"node_resource_group":true,"private_fqdn":true,"role_based_access_control":true,"service_principal":[{}],"windows_profile":true}}},{"address":"module.cluster.azurerm_resource_group.karpully","module_address":"module.cluster","mode":"managed","type":"azurerm_resource_group","name":"karpully","provider_name":"azurerm","change":{"actions":["create"],"before":null,"after":{"location":"eastus","name":"karpully","tags":null,"timeouts":null},"after_unknown":{"id":true}}}],"configuration":{"provider_config":{"azurerm":{"name":"azurerm","version_constraint":"=2.5.0","expressions":{"client_id":{"references":["var.serviceprinciple_id"]},"client_secret":{"references":["var.serviceprinciple_key"]},"features":[{}],"skip_provider_registration":{"constant_value":true},"subscription_id":{"references":["var.subscription_id"]},"tenant_id":{"references":["var.tenant_id"]}}}},"root_module":{"module_calls":{"cluster":{"source":"./modules/cluster/","expressions":{"kubernetes_version":{"references":["var.kubernetes_version"]},"location":{"references":["var.location"]},"serviceprinciple_id":{"references":["var.serviceprinciple_id"]},"serviceprinciple_key":{"references":["var.serviceprinciple_key"]},"ssh_key":{"references":["var.ssh_key"]}},"module":{"resources":[{"address":"azurerm_kubernetes_cluster.karpully","mode":"managed","type":"azurerm_kubernetes_cluster","name":"karpully","provider_config_key":"cluster:azurerm","expressions":{"addon_profile":[{"aci_connector_linux":[{"enabled":{"constant_value":false}}],"azure_policy":[{"enabled":{"constant_value":false}}],"http_application_routing":[{"enabled":{"constant_value":false}}],"kube_dashboard":[{"enabled":{"constant_value":false}}],"oms_agent":[{"enabled":{"constant_value":false}}]}],"default_node_pool":[{"name":{"constant_value":"default"},"node_count":{"constant_value":1},"os_disk_size_gb":{"constant_value":250},"type":{"constant_value":"VirtualMachineScaleSets"},"vm_size":{"constant_value":"Standard_E4s_v3"}}],"dns_prefix":{"constant_value":"karpully"},"kubernetes_version":{"references":["var.kubernetes_version"]},"linux_profile":[{"admin_username":{"constant_value":"karpullyadmin"},"ssh_key":[{"key_data":{"references":["var.ssh_key"]}}]}],"location":{"references":["azurerm_resource_group.karpully"]},"name":{"constant_value":"karpully"},"network_profile":[{"load_balancer_sku":{"constant_value":"Standard"},"network_plugin":{"constant_value":"kubenet"}}],"resource_group_name":{"references":["azurerm_resource_group.karpully"]},"service_principal":[{"client_id":{"references":["var.serviceprinciple_id"]},"client_secret":{"references":["var.serviceprinciple_key"]}}]},"schema_version":0},{"address":"azurerm_resource_group.karpully","mode":"managed","type":"azurerm_resource_group","name":"karpully","provider_config_key":"cluster:azurerm","expressions":{"location":{"references":["var.location"]},"name":{"constant_value":"karpully"}},"schema_version":0}],"variables":{"kubernetes_version":{"default":"1.16.10"},"location":{"default":"australiaeast"},"serviceprinciple_id":{},"serviceprinciple_key":{},"ssh_key":{}}}}},"variables":{"kubernetes_version":{"default":"1.16.10"},"location":{"default":"eastus"},"serviceprinciple_id":{},"serviceprinciple_key":{},"ssh_key":{},"subscription_id":{},"tenant_id":{}}}}}
